
Microsoft Visual Studio Solution File, Format Version 12.00
Project("{FAE04EC0-301F-11D3-BF4B-00C04F79EFBC}") = "IliaskaWebSite", "IliaskaWebSite.csproj", "{33576FA3-5188-4153-98EC-9CB14EF6879D}"
EndProject
Global
	GlobalSection(SolutionConfigurationPlatforms) = preSolution
		Debug|Any CPU = Debug|Any CPU
		Release|Any CPU = Release|Any CPU
	EndGlobalSection
	GlobalSection(ProjectConfigurationPlatforms) = postSolution
		{33576FA3-5188-4153-98EC-9CB14EF6879D}.Debug|Any CPU.ActiveCfg = Debug|Any CPU
		{33576FA3-5188-4153-98EC-9CB14EF6879D}.Debug|Any CPU.Build.0 = Debug|Any CPU
		{33576FA3-5188-4153-98EC-9CB14EF6879D}.Release|Any CPU.ActiveCfg = Release|Any CPU
		{33576FA3-5188-4153-98EC-9CB14EF6879D}.Release|Any CPU.Build.0 = Release|Any CPU
	EndGlobalSection
EndGlobal
